
Microsoft Visual Studio Solution File, Format Version 12.00
# Visual Studio Version 17
VisualStudioVersion = 17.0.31903.59
MinimumVisualStudioVersion = 10.0.40219.1
Project("{FAE04EC0-301F-11D3-BF4B-00C04F79EFBC}") = "API", "API\API.csproj", "{1360E3EE-65C0-4155-B3CC-90F3ECBBA35A}"
EndProject
Project("{FAE04EC0-301F-11D3-BF4B-00C04F79EFBC}") = "Application", "Application\Application.csproj", "{491BE34B-882C-49D3-8712-1C606789BA51}"
EndProject
Project("{FAE04EC0-301F-11D3-BF4B-00C04F79EFBC}") = "Domain", "Domain\Domain.csproj", "{80538BCD-75EA-4418-B538-31E5F5C53B07}"
EndProject
Project("{FAE04EC0-301F-11D3-BF4B-00C04F79EFBC}") = "Persistence", "Persistence\Persistence.csproj", "{D05130BB-84C7-4062-8637-65444C1F6175}"
EndProject
Project("{FAE04EC0-301F-11D3-BF4B-00C04F79EFBC}") = "Application.UnitTests", "Application.UnitTests\Application.UnitTests.csproj", "{3B6731FC-2C90-4C7C-9F86-0BAC52A2B735}"
EndProject
Global
	GlobalSection(SolutionConfigurationPlatforms) = preSolution
		Debug|Any CPU = Debug|Any CPU
		Release|Any CPU = Release|Any CPU
	EndGlobalSection
	GlobalSection(SolutionProperties) = preSolution
		HideSolutionNode = FALSE
	EndGlobalSection
	GlobalSection(ProjectConfigurationPlatforms) = postSolution
		{1360E3EE-65C0-4155-B3CC-90F3ECBBA35A}.Debug|Any CPU.ActiveCfg = Debug|Any CPU
		{1360E3EE-65C0-4155-B3CC-90F3ECBBA35A}.Debug|Any CPU.Build.0 = Debug|Any CPU
		{1360E3EE-65C0-4155-B3CC-90F3ECBBA35A}.Release|Any CPU.ActiveCfg = Release|Any CPU
		{1360E3EE-65C0-4155-B3CC-90F3ECBBA35A}.Release|Any CPU.Build.0 = Release|Any CPU
		{491BE34B-882C-49D3-8712-1C606789BA51}.Debug|Any CPU.ActiveCfg = Debug|Any CPU
		{491BE34B-882C-49D3-8712-1C606789BA51}.Debug|Any CPU.Build.0 = Debug|Any CPU
		{491BE34B-882C-49D3-8712-1C606789BA51}.Release|Any CPU.ActiveCfg = Release|Any CPU
		{491BE34B-882C-49D3-8712-1C606789BA51}.Release|Any CPU.Build.0 = Release|Any CPU
		{80538BCD-75EA-4418-B538-31E5F5C53B07}.Debug|Any CPU.ActiveCfg = Debug|Any CPU
		{80538BCD-75EA-4418-B538-31E5F5C53B07}.Debug|Any CPU.Build.0 = Debug|Any CPU
		{80538BCD-75EA-4418-B538-31E5F5C53B07}.Release|Any CPU.ActiveCfg = Release|Any CPU
		{80538BCD-75EA-4418-B538-31E5F5C53B07}.Release|Any CPU.Build.0 = Release|Any CPU
		{D05130BB-84C7-4062-8637-65444C1F6175}.Debug|Any CPU.ActiveCfg = Debug|Any CPU
		{D05130BB-84C7-4062-8637-65444C1F6175}.Debug|Any CPU.Build.0 = Debug|Any CPU
		{D05130BB-84C7-4062-8637-65444C1F6175}.Release|Any CPU.ActiveCfg = Release|Any CPU
		{D05130BB-84C7-4062-8637-65444C1F6175}.Release|Any CPU.Build.0 = Release|Any CPU
		{3B6731FC-2C90-4C7C-9F86-0BAC52A2B735}.Debug|Any CPU.ActiveCfg = Debug|Any CPU
		{3B6731FC-2C90-4C7C-9F86-0BAC52A2B735}.Debug|Any CPU.Build.0 = Debug|Any CPU
		{3B6731FC-2C90-4C7C-9F86-0BAC52A2B735}.Release|Any CPU.ActiveCfg = Release|Any CPU
		{3B6731FC-2C90-4C7C-9F86-0BAC52A2B735}.Release|Any CPU.Build.0 = Release|Any CPU
	EndGlobalSection
EndGlobal
